
Microsoft Visual Studio Solution File, Format Version 12.00
# Visual Studio 15
VisualStudioVersion = 15.0.28010.2050
MinimumVisualStudioVersion = 10.0.40219.1
Project("{FAE04EC0-301F-11D3-BF4B-00C04F79EFBC}") = "Appify.Web", "Appify\Appify.Web.csproj", "{E0F87173-F0A1-4F5F-9006-8B0EE84989FE}"
EndProject
Project("{FAE04EC0-301F-11D3-BF4B-00C04F79EFBC}") = "Appify.API", "Appify.API\Appify.API.csproj", "{65AC4887-94EB-4849-B890-E9146D2E6A9A}"
EndProject
Project("{FAE04EC0-301F-11D3-BF4B-00C04F79EFBC}") = "Appify.Adapters", "Appify.Adapters\Appify.Adapters.csproj", "{C4F0D8C4-0DF7-4E20-ABBB-AE6AEE04D679}"
EndProject
Project("{FAE04EC0-301F-11D3-BF4B-00C04F79EFBC}") = "Appify.Common", "Appify.Common\Appify.Common.csproj", "{D026574D-2CCC-4930-851D-C668161831EC}"
EndProject
Global
	GlobalSection(SolutionConfigurationPlatforms) = preSolution
		Debug|Any CPU = Debug|Any CPU
		Release|Any CPU = Release|Any CPU
	EndGlobalSection
	GlobalSection(ProjectConfigurationPlatforms) = postSolution
		{E0F87173-F0A1-4F5F-9006-8B0EE84989FE}.Debug|Any CPU.ActiveCfg = Debug|Any CPU
		{E0F87173-F0A1-4F5F-9006-8B0EE84989FE}.Debug|Any CPU.Build.0 = Debug|Any CPU
		{E0F87173-F0A1-4F5F-9006-8B0EE84989FE}.Release|Any CPU.ActiveCfg = Release|Any CPU
		{E0F87173-F0A1-4F5F-9006-8B0EE84989FE}.Release|Any CPU.Build.0 = Release|Any CPU
		{65AC4887-94EB-4849-B890-E9146D2E6A9A}.Debug|Any CPU.ActiveCfg = Debug|Any CPU
		{65AC4887-94EB-4849-B890-E9146D2E6A9A}.Debug|Any CPU.Build.0 = Debug|Any CPU
		{65AC4887-94EB-4849-B890-E9146D2E6A9A}.Release|Any CPU.ActiveCfg = Release|Any CPU
		{65AC4887-94EB-4849-B890-E9146D2E6A9A}.Release|Any CPU.Build.0 = Release|Any CPU
		{C4F0D8C4-0DF7-4E20-ABBB-AE6AEE04D679}.Debug|Any CPU.ActiveCfg = Debug|Any CPU
		{C4F0D8C4-0DF7-4E20-ABBB-AE6AEE04D679}.Debug|Any CPU.Build.0 = Debug|Any CPU
		{C4F0D8C4-0DF7-4E20-ABBB-AE6AEE04D679}.Release|Any CPU.ActiveCfg = Release|Any CPU
		{C4F0D8C4-0DF7-4E20-ABBB-AE6AEE04D679}.Release|Any CPU.Build.0 = Release|Any CPU
		{D026574D-2CCC-4930-851D-C668161831EC}.Debug|Any CPU.ActiveCfg = Debug|Any CPU
		{D026574D-2CCC-4930-851D-C668161831EC}.Debug|Any CPU.Build.0 = Debug|Any CPU
		{D026574D-2CCC-4930-851D-C668161831EC}.Release|Any CPU.ActiveCfg = Release|Any CPU
		{D026574D-2CCC-4930-851D-C668161831EC}.Release|Any CPU.Build.0 = Release|Any CPU
	EndGlobalSection
	GlobalSection(SolutionProperties) = preSolution
		HideSolutionNode = FALSE
	EndGlobalSection
	GlobalSection(ExtensibilityGlobals) = postSolution
		SolutionGuid = {5E0CBD09-F4A4-432C-8D81-88A72A9DBD91}
	EndGlobalSection
EndGlobal
